
Microsoft Visual Studio Solution File, Format Version 12.00
# Visual Studio Version 17
VisualStudioVersion = 17.7.34024.191
MinimumVisualStudioVersion = 10.0.40219.1
Project("{9A19103F-16F7-4668-BE54-9A1E7A4F7556}") = "StressCommunicationAdminPanel", "StressCommunicationAdminPanel\StressCommunicationAdminPanel.csproj", "{4B3517E0-2A75-4CA0-B5A0-7D27559AEB37}"
EndProject
Global
	GlobalSection(SolutionConfigurationPlatforms) = preSolution
		Debug|Any CPU = Debug|Any CPU
		Release|Any CPU = Release|Any CPU
	EndGlobalSection
	GlobalSection(ProjectConfigurationPlatforms) = postSolution
		{4B3517E0-2A75-4CA0-B5A0-7D27559AEB37}.Debug|Any CPU.ActiveCfg = Debug|Any CPU
		{4B3517E0-2A75-4CA0-B5A0-7D27559AEB37}.Debug|Any CPU.Build.0 = Debug|Any CPU
		{4B3517E0-2A75-4CA0-B5A0-7D27559AEB37}.Release|Any CPU.ActiveCfg = Release|Any CPU
		{4B3517E0-2A75-4CA0-B5A0-7D27559AEB37}.Release|Any CPU.Build.0 = Release|Any CPU
	EndGlobalSection
	GlobalSection(SolutionProperties) = preSolution
		HideSolutionNode = FALSE
	EndGlobalSection
	GlobalSection(ExtensibilityGlobals) = postSolution
		SolutionGuid = {50E2BD31-2358-441C-B76B-55B4C19150C9}
	EndGlobalSection
EndGlobal
